// !$*UTF8*$!
{
	archiveVersion = 1;
	classes = {
	};
	objectVersion = 55;
	objects = {

/* Begin PBXBuildFile section */
		659577BE27D24EAA0003B40F /* CoachaApp.swift in Sources */ = {isa = PBXBuildFile; fileRef = 659577BD27D24EAA0003B40F /* CoachaApp.swift */; };
		659577C027D24EAA0003B40F /* SportActivityListView.swift in Sources */ = {isa = PBXBuildFile; fileRef = 659577BF27D24EAA0003B40F /* SportActivityListView.swift */; };
		659577C227D24EAB0003B40F /* Assets.xcassets in Resources */ = {isa = PBXBuildFile; fileRef = 659577C127D24EAB0003B40F /* Assets.xcassets */; };
		659577C527D24EAB0003B40F /* Preview Assets.xcassets in Resources */ = {isa = PBXBuildFile; fileRef = 659577C427D24EAB0003B40F /* Preview Assets.xcassets */; };
		659577CD27D24ECE0003B40F /* CoachaAppModel.swift in Sources */ = {isa = PBXBuildFile; fileRef = 659577CC27D24ECE0003B40F /* CoachaAppModel.swift */; };
		659577D027D250130003B40F /* GoogleService-Info.plist in Resources */ = {isa = PBXBuildFile; fileRef = 659577CF27D250130003B40F /* GoogleService-Info.plist */; };
		659577D327D250FE0003B40F /* FirebaseAnalytics in Frameworks */ = {isa = PBXBuildFile; productRef = 659577D227D250FE0003B40F /* FirebaseAnalytics */; };
		659577D527D250FE0003B40F /* FirebaseAuth in Frameworks */ = {isa = PBXBuildFile; productRef = 659577D427D250FE0003B40F /* FirebaseAuth */; };
		659577D727D250FE0003B40F /* FirebaseCrashlytics in Frameworks */ = {isa = PBXBuildFile; productRef = 659577D627D250FE0003B40F /* FirebaseCrashlytics */; };
		659577D927D250FE0003B40F /* FirebaseFirestore in Frameworks */ = {isa = PBXBuildFile; productRef = 659577D827D250FE0003B40F /* FirebaseFirestore */; };
		659577DB27D250FE0003B40F /* FirebasePerformance in Frameworks */ = {isa = PBXBuildFile; productRef = 659577DA27D250FE0003B40F /* FirebasePerformance */; };
		659577DE27D255030003B40F /* Resources.swift in Sources */ = {isa = PBXBuildFile; fileRef = 659577DD27D255030003B40F /* Resources.swift */; };
		659577E027D255100003B40F /* VIewModifiers.swift in Sources */ = {isa = PBXBuildFile; fileRef = 659577DF27D255100003B40F /* VIewModifiers.swift */; };
		659577E327D255320003B40F /* String+.swift in Sources */ = {isa = PBXBuildFile; fileRef = 659577E227D255320003B40F /* String+.swift */; };
		659577E727D25B2D0003B40F /* ScaleableLinkStyle.swift in Sources */ = {isa = PBXBuildFile; fileRef = 659577E627D25B2D0003B40F /* ScaleableLinkStyle.swift */; };
		659577EA27D25BB60003B40F /* Image+.swift in Sources */ = {isa = PBXBuildFile; fileRef = 659577E927D25BB60003B40F /* Image+.swift */; };
		659577EC27D25D4B0003B40F /* AppRouter.swift in Sources */ = {isa = PBXBuildFile; fileRef = 659577EB27D25D4B0003B40F /* AppRouter.swift */; };
		659577EF27D25E150003B40F /* SplashView.swift in Sources */ = {isa = PBXBuildFile; fileRef = 659577EE27D25E150003B40F /* SplashView.swift */; };
		659577F127D25E1E0003B40F /* SplashViewModel.swift in Sources */ = {isa = PBXBuildFile; fileRef = 659577F027D25E1E0003B40F /* SplashViewModel.swift */; };
		659577F727D269DD0003B40F /* SportActivityListViewModel.swift in Sources */ = {isa = PBXBuildFile; fileRef = 659577F627D269DD0003B40F /* SportActivityListViewModel.swift */; };
		659577FA27D26D550003B40F /* Localizable.strings in Resources */ = {isa = PBXBuildFile; fileRef = 659577FC27D26D550003B40F /* Localizable.strings */; };
		659577FF27D26EFA0003B40F /* CreateSportActivityView.swift in Sources */ = {isa = PBXBuildFile; fileRef = 659577FE27D26EFA0003B40F /* CreateSportActivityView.swift */; };
		6595780127D26F0E0003B40F /* CreateSportActivityViewModel.swift in Sources */ = {isa = PBXBuildFile; fileRef = 6595780027D26F0E0003B40F /* CreateSportActivityViewModel.swift */; };
		6595780727D284A10003B40F /* RemoteDataStore.swift in Sources */ = {isa = PBXBuildFile; fileRef = 6595780627D284A10003B40F /* RemoteDataStore.swift */; };
		6595780A27D284E50003B40F /* SportActivity.swift in Sources */ = {isa = PBXBuildFile; fileRef = 6595780927D284E50003B40F /* SportActivity.swift */; };
		6595780C27D285CD0003B40F /* Constants.swift in Sources */ = {isa = PBXBuildFile; fileRef = 6595780B27D285CD0003B40F /* Constants.swift */; };
		6595780E27D288250003B40F /* SessionStore.swift in Sources */ = {isa = PBXBuildFile; fileRef = 6595780D27D288250003B40F /* SessionStore.swift */; };
		6595781127D28D0F0003B40F /* CommonErrorHandlingViewModel.swift in Sources */ = {isa = PBXBuildFile; fileRef = 6595781027D28D0F0003B40F /* CommonErrorHandlingViewModel.swift */; };
		6595781427D2A5440003B40F /* FirebaseFirestoreSwift-Beta in Frameworks */ = {isa = PBXBuildFile; productRef = 6595781327D2A5440003B40F /* FirebaseFirestoreSwift-Beta */; };
		6595781727D2A8C90003B40F /* LoadingView.swift in Sources */ = {isa = PBXBuildFile; fileRef = 6595781627D2A8C90003B40F /* LoadingView.swift */; };
		6595781927D2A9A60003B40F /* ErrorWithCustomMessage.swift in Sources */ = {isa = PBXBuildFile; fileRef = 6595781827D2A9A60003B40F /* ErrorWithCustomMessage.swift */; };
		6595781B27D2AEAA0003B40F /* Date+.swift in Sources */ = {isa = PBXBuildFile; fileRef = 6595781A27D2AEAA0003B40F /* Date+.swift */; };
		6595781E27D2B4AD0003B40F /* SportActivityItemView.swift in Sources */ = {isa = PBXBuildFile; fileRef = 6595781D27D2B4AD0003B40F /* SportActivityItemView.swift */; };
		6595782027D2B4D20003B40F /* SportActivityItemViewModel.swift in Sources */ = {isa = PBXBuildFile; fileRef = 6595781F27D2B4D20003B40F /* SportActivityItemViewModel.swift */; };
		6595782327D2B74C0003B40F /* Coacha.xcdatamodeld in Sources */ = {isa = PBXBuildFile; fileRef = 6595782127D2B74C0003B40F /* Coacha.xcdatamodeld */; };
		6595782527D2B75E0003B40F /* Persistence.swift in Sources */ = {isa = PBXBuildFile; fileRef = 6595782427D2B75E0003B40F /* Persistence.swift */; };
		6595782827D2BB560003B40F /* SportActivityCD+CoreDataClass.swift in Sources */ = {isa = PBXBuildFile; fileRef = 6595782627D2BB560003B40F /* SportActivityCD+CoreDataClass.swift */; };
		6595782927D2BB560003B40F /* SportActivityCD+CoreDataProperties.swift in Sources */ = {isa = PBXBuildFile; fileRef = 6595782727D2BB560003B40F /* SportActivityCD+CoreDataProperties.swift */; };
		6595782C27D2C9340003B40F /* LocalDataStore.swift in Sources */ = {isa = PBXBuildFile; fileRef = 6595782B27D2C9340003B40F /* LocalDataStore.swift */; };
		6595783027D3A76E0003B40F /* MapHelper.swift in Sources */ = {isa = PBXBuildFile; fileRef = 6595782F27D3A76E0003B40F /* MapHelper.swift */; };
		6595783227D3A79C0003B40F /* Place.swift in Sources */ = {isa = PBXBuildFile; fileRef = 6595783127D3A79C0003B40F /* Place.swift */; };
		6595783527D3B10E0003B40F /* SearchLocationView.swift in Sources */ = {isa = PBXBuildFile; fileRef = 6595783427D3B10E0003B40F /* SearchLocationView.swift */; };
		6595783727D3B11B0003B40F /* SearchLocationViewModel.swift in Sources */ = {isa = PBXBuildFile; fileRef = 6595783627D3B11B0003B40F /* SearchLocationViewModel.swift */; };
		6595783927D3B8BE0003B40F /* FlatLinkStyle.swift in Sources */ = {isa = PBXBuildFile; fileRef = 6595783827D3B8BE0003B40F /* FlatLinkStyle.swift */; };
		6595783D27D3D8990003B40F /* InteractableItemRow.swift in Sources */ = {isa = PBXBuildFile; fileRef = 6595783C27D3D8990003B40F /* InteractableItemRow.swift */; };
		6595783F27D3D8B50003B40F /* NonExpandableItemRow.swift in Sources */ = {isa = PBXBuildFile; fileRef = 6595783E27D3D8B50003B40F /* NonExpandableItemRow.swift */; };
		6595784127D4E5790003B40F /* UserDefaultsHelper.swift in Sources */ = {isa = PBXBuildFile; fileRef = 6595784027D4E5790003B40F /* UserDefaultsHelper.swift */; };
		6595784327D4EDBD0003B40F /* Animation+.swift in Sources */ = {isa = PBXBuildFile; fileRef = 6595784227D4EDBD0003B40F /* Animation+.swift */; };
		6595784527D4F4A30003B40F /* LoginView.swift in Sources */ = {isa = PBXBuildFile; fileRef = 6595784427D4F4A30003B40F /* LoginView.swift */; };
		6595784727D4F5350003B40F /* LoginViewModel.swift in Sources */ = {isa = PBXBuildFile; fileRef = 6595784627D4F5350003B40F /* LoginViewModel.swift */; };
		6595784927D4FB170003B40F /* CLPlacemark+.swift in Sources */ = {isa = PBXBuildFile; fileRef = 6595784827D4FB170003B40F /* CLPlacemark+.swift */; };
		6595784C27D512680003B40F /* DateDuration.swift in Sources */ = {isa = PBXBuildFile; fileRef = 6595784B27D512680003B40F /* DateDuration.swift */; };
		6595784E27D51EE90003B40F /* SearchBar.swift in Sources */ = {isa = PBXBuildFile; fileRef = 6595784D27D51EE90003B40F /* SearchBar.swift */; };
/* End PBXBuildFile section */

/* Begin PBXFileReference section */
		659577BA27D24EAA0003B40F /* Coacha.app */ = {isa = PBXFileReference; explicitFileType = wrapper.application; includeInIndex = 0; path = Coacha.app; sourceTree = BUILT_PRODUCTS_DIR; };
		659577BD27D24EAA0003B40F /* CoachaApp.swift */ = {isa = PBXFileReference; lastKnownFileType = sourcecode.swift; path = CoachaApp.swift; sourceTree = "<group>"; };
		659577BF27D24EAA0003B40F /* SportActivityListView.swift */ = {isa = PBXFileReference; lastKnownFileType = sourcecode.swift; path = SportActivityListView.swift; sourceTree = "<group>"; };
		659577C127D24EAB0003B40F /* Assets.xcassets */ = {isa = PBXFileReference; lastKnownFileType = folder.assetcatalog; path = Assets.xcassets; sourceTree = "<group>"; };
		659577C427D24EAB0003B40F /* Preview Assets.xcassets */ = {isa = PBXFileReference; lastKnownFileType = folder.assetcatalog; path = "Preview Assets.xcassets"; sourceTree = "<group>"; };
		659577CC27D24ECE0003B40F /* CoachaAppModel.swift */ = {isa = PBXFileReference; lastKnownFileType = sourcecode.swift; path = CoachaAppModel.swift; sourceTree = "<group>"; };
		659577CF27D250130003B40F /* GoogleService-Info.plist */ = {isa = PBXFileReference; fileEncoding = 4; lastKnownFileType = text.plist.xml; path = "GoogleService-Info.plist"; sourceTree = "<group>"; };
		659577DD27D255030003B40F /* Resources.swift */ = {isa = PBXFileReference; lastKnownFileType = sourcecode.swift; path = Resources.swift; sourceTree = "<group>"; };
		659577DF27D255100003B40F /* VIewModifiers.swift */ = {isa = PBXFileReference; lastKnownFileType = sourcecode.swift; path = VIewModifiers.swift; sourceTree = "<group>"; };
		659577E227D255320003B40F /* String+.swift */ = {isa = PBXFileReference; lastKnownFileType = sourcecode.swift; path = "String+.swift"; sourceTree = "<group>"; };
		659577E627D25B2D0003B40F /* ScaleableLinkStyle.swift */ = {isa = PBXFileReference; lastKnownFileType = sourcecode.swift; path = ScaleableLinkStyle.swift; sourceTree = "<group>"; };
		659577E927D25BB60003B40F /* Image+.swift */ = {isa = PBXFileReference; lastKnownFileType = sourcecode.swift; path = "Image+.swift"; sourceTree = "<group>"; };
		659577EB27D25D4B0003B40F /* AppRouter.swift */ = {isa = PBXFileReference; lastKnownFileType = sourcecode.swift; path = AppRouter.swift; sourceTree = "<group>"; };
		659577EE27D25E150003B40F /* SplashView.swift */ = {isa = PBXFileReference; lastKnownFileType = sourcecode.swift; path = SplashView.swift; sourceTree = "<group>"; };
		659577F027D25E1E0003B40F /* SplashViewModel.swift */ = {isa = PBXFileReference; lastKnownFileType = sourcecode.swift; path = SplashViewModel.swift; sourceTree = "<group>"; };
		659577F627D269DD0003B40F /* SportActivityListViewModel.swift */ = {isa = PBXFileReference; lastKnownFileType = sourcecode.swift; path = SportActivityListViewModel.swift; sourceTree = "<group>"; };
		659577FB27D26D550003B40F /* en */ = {isa = PBXFileReference; lastKnownFileType = text.plist.strings; name = en; path = en.lproj/Localizable.strings; sourceTree = "<group>"; };
		659577FE27D26EFA0003B40F /* CreateSportActivityView.swift */ = {isa = PBXFileReference; lastKnownFileType = sourcecode.swift; path = CreateSportActivityView.swift; sourceTree = "<group>"; };
		6595780027D26F0E0003B40F /* CreateSportActivityViewModel.swift */ = {isa = PBXFileReference; lastKnownFileType = sourcecode.swift; path = CreateSportActivityViewModel.swift; sourceTree = "<group>"; };
		6595780627D284A10003B40F /* RemoteDataStore.swift */ = {isa = PBXFileReference; lastKnownFileType = sourcecode.swift; path = RemoteDataStore.swift; sourceTree = "<group>"; };
		6595780927D284E50003B40F /* SportActivity.swift */ = {isa = PBXFileReference; lastKnownFileType = sourcecode.swift; path = SportActivity.swift; sourceTree = "<group>"; };
		6595780B27D285CD0003B40F /* Constants.swift */ = {isa = PBXFileReference; lastKnownFileType = sourcecode.swift; path = Constants.swift; sourceTree = "<group>"; };
		6595780D27D288250003B40F /* SessionStore.swift */ = {isa = PBXFileReference; lastKnownFileType = sourcecode.swift; path = SessionStore.swift; sourceTree = "<group>"; };
		6595781027D28D0F0003B40F /* CommonErrorHandlingViewModel.swift */ = {isa = PBXFileReference; lastKnownFileType = sourcecode.swift; path = CommonErrorHandlingViewModel.swift; sourceTree = "<group>"; };
		6595781627D2A8C90003B40F /* LoadingView.swift */ = {isa = PBXFileReference; lastKnownFileType = sourcecode.swift; path = LoadingView.swift; sourceTree = "<group>"; };
		6595781827D2A9A60003B40F /* ErrorWithCustomMessage.swift */ = {isa = PBXFileReference; lastKnownFileType = sourcecode.swift; path = ErrorWithCustomMessage.swift; sourceTree = "<group>"; };
		6595781A27D2AEAA0003B40F /* Date+.swift */ = {isa = PBXFileReference; lastKnownFileType = sourcecode.swift; path = "Date+.swift"; sourceTree = "<group>"; };
		6595781D27D2B4AD0003B40F /* SportActivityItemView.swift */ = {isa = PBXFileReference; lastKnownFileType = sourcecode.swift; path = SportActivityItemView.swift; sourceTree = "<group>"; };
		6595781F27D2B4D20003B40F /* SportActivityItemViewModel.swift */ = {isa = PBXFileReference; lastKnownFileType = sourcecode.swift; path = SportActivityItemViewModel.swift; sourceTree = "<group>"; };
		6595782227D2B74C0003B40F /* SportActivity.xcdatamodel */ = {isa = PBXFileReference; lastKnownFileType = wrapper.xcdatamodel; path = SportActivity.xcdatamodel; sourceTree = "<group>"; };
		6595782427D2B75E0003B40F /* Persistence.swift */ = {isa = PBXFileReference; lastKnownFileType = sourcecode.swift; path = Persistence.swift; sourceTree = "<group>"; };
		6595782627D2BB560003B40F /* SportActivityCD+CoreDataClass.swift */ = {isa = PBXFileReference; lastKnownFileType = sourcecode.swift; path = "SportActivityCD+CoreDataClass.swift"; sourceTree = "<group>"; };
		6595782727D2BB560003B40F /* SportActivityCD+CoreDataProperties.swift */ = {isa = PBXFileReference; lastKnownFileType = sourcecode.swift; path = "SportActivityCD+CoreDataProperties.swift"; sourceTree = "<group>"; };
		6595782B27D2C9340003B40F /* LocalDataStore.swift */ = {isa = PBXFileReference; lastKnownFileType = sourcecode.swift; path = LocalDataStore.swift; sourceTree = "<group>"; };
		6595782F27D3A76E0003B40F /* MapHelper.swift */ = {isa = PBXFileReference; lastKnownFileType = sourcecode.swift; path = MapHelper.swift; sourceTree = "<group>"; };
		6595783127D3A79C0003B40F /* Place.swift */ = {isa = PBXFileReference; lastKnownFileType = sourcecode.swift; path = Place.swift; sourceTree = "<group>"; };
		6595783427D3B10E0003B40F /* SearchLocationView.swift */ = {isa = PBXFileReference; lastKnownFileType = sourcecode.swift; path = SearchLocationView.swift; sourceTree = "<group>"; };
		6595783627D3B11B0003B40F /* SearchLocationViewModel.swift */ = {isa = PBXFileReference; lastKnownFileType = sourcecode.swift; path = SearchLocationViewModel.swift; sourceTree = "<group>"; };
		6595783827D3B8BE0003B40F /* FlatLinkStyle.swift */ = {isa = PBXFileReference; lastKnownFileType = sourcecode.swift; path = FlatLinkStyle.swift; sourceTree = "<group>"; };
		6595783C27D3D8990003B40F /* InteractableItemRow.swift */ = {isa = PBXFileReference; lastKnownFileType = sourcecode.swift; path = InteractableItemRow.swift; sourceTree = "<group>"; };
		6595783E27D3D8B50003B40F /* NonExpandableItemRow.swift */ = {isa = PBXFileReference; lastKnownFileType = sourcecode.swift; path = NonExpandableItemRow.swift; sourceTree = "<group>"; };
		6595784027D4E5790003B40F /* UserDefaultsHelper.swift */ = {isa = PBXFileReference; lastKnownFileType = sourcecode.swift; path = UserDefaultsHelper.swift; sourceTree = "<group>"; };
		6595784227D4EDBD0003B40F /* Animation+.swift */ = {isa = PBXFileReference; lastKnownFileType = sourcecode.swift; path = "Animation+.swift"; sourceTree = "<group>"; };
		6595784427D4F4A30003B40F /* LoginView.swift */ = {isa = PBXFileReference; lastKnownFileType = sourcecode.swift; path = LoginView.swift; sourceTree = "<group>"; };
		6595784627D4F5350003B40F /* LoginViewModel.swift */ = {isa = PBXFileReference; lastKnownFileType = sourcecode.swift; path = LoginViewModel.swift; sourceTree = "<group>"; };
		6595784827D4FB170003B40F /* CLPlacemark+.swift */ = {isa = PBXFileReference; lastKnownFileType = sourcecode.swift; path = "CLPlacemark+.swift"; sourceTree = "<group>"; };
		6595784A27D503140003B40F /* cs */ = {isa = PBXFileReference; lastKnownFileType = text.plist.strings; name = cs; path = cs.lproj/Localizable.strings; sourceTree = "<group>"; };
		6595784B27D512680003B40F /* DateDuration.swift */ = {isa = PBXFileReference; fileEncoding = 4; lastKnownFileType = sourcecode.swift; path = DateDuration.swift; sourceTree = "<group>"; };
		6595784D27D51EE90003B40F /* SearchBar.swift */ = {isa = PBXFileReference; lastKnownFileType = sourcecode.swift; path = SearchBar.swift; sourceTree = "<group>"; };
/* End PBXFileReference section */

/* Begin PBXFrameworksBuildPhase section */
		659577B727D24EAA0003B40F /* Frameworks */ = {
			isa = PBXFrameworksBuildPhase;
			buildActionMask = 2147483647;
			files = (
				659577D727D250FE0003B40F /* FirebaseCrashlytics in Frameworks */,
				659577D927D250FE0003B40F /* FirebaseFirestore in Frameworks */,
				659577DB27D250FE0003B40F /* FirebasePerformance in Frameworks */,
				6595781427D2A5440003B40F /* FirebaseFirestoreSwift-Beta in Frameworks */,
				659577D327D250FE0003B40F /* FirebaseAnalytics in Frameworks */,
				659577D527D250FE0003B40F /* FirebaseAuth in Frameworks */,
			);
			runOnlyForDeploymentPostprocessing = 0;
		};
/* End PBXFrameworksBuildPhase section */

/* Begin PBXGroup section */
		659577B127D24EAA0003B40F = {
			isa = PBXGroup;
			children = (
				659577BC27D24EAA0003B40F /* Coacha */,
				659577BB27D24EAA0003B40F /* Products */,
				6595781227D2A5440003B40F /* Frameworks */,
			);
			sourceTree = "<group>";
		};
		659577BB27D24EAA0003B40F /* Products */ = {
			isa = PBXGroup;
			children = (
				659577BA27D24EAA0003B40F /* Coacha.app */,
			);
			name = Products;
			sourceTree = "<group>";
		};
		659577BC27D24EAA0003B40F /* Coacha */ = {
			isa = PBXGroup;
			children = (
				659577CB27D24EBB0003B40F /* App */,
				659577F527D269A20003B40F /* View */,
				659577DC27D254EF0003B40F /* Resources */,
				659577E427D25B0E0003B40F /* Common */,
				659577E127D2551A0003B40F /* Extensions */,
				659577ED27D25D550003B40F /* Routers */,
				659577CE27D250020003B40F /* Config */,
				6595780527D2848B0003B40F /* Utilities */,
				6595780827D284BA0003B40F /* Model */,
				659577C127D24EAB0003B40F /* Assets.xcassets */,
				659577C327D24EAB0003B40F /* Preview Content */,
				659577FC27D26D550003B40F /* Localizable.strings */,
				6595782127D2B74C0003B40F /* Coacha.xcdatamodeld */,
			);
			path = Coacha;
			sourceTree = "<group>";
		};
		659577C327D24EAB0003B40F /* Preview Content */ = {
			isa = PBXGroup;
			children = (
				659577C427D24EAB0003B40F /* Preview Assets.xcassets */,
			);
			path = "Preview Content";
			sourceTree = "<group>";
		};
		659577CB27D24EBB0003B40F /* App */ = {
			isa = PBXGroup;
			children = (
				659577BD27D24EAA0003B40F /* CoachaApp.swift */,
				659577CC27D24ECE0003B40F /* CoachaAppModel.swift */,
			);
			path = App;
			sourceTree = "<group>";
		};
		659577CE27D250020003B40F /* Config */ = {
			isa = PBXGroup;
			children = (
				659577CF27D250130003B40F /* GoogleService-Info.plist */,
			);
			path = Config;
			sourceTree = "<group>";
		};
		659577DC27D254EF0003B40F /* Resources */ = {
			isa = PBXGroup;
			children = (
				659577DD27D255030003B40F /* Resources.swift */,
				659577DF27D255100003B40F /* VIewModifiers.swift */,
				6595780B27D285CD0003B40F /* Constants.swift */,
			);
			path = Resources;
			sourceTree = "<group>";
		};
		659577E127D2551A0003B40F /* Extensions */ = {
			isa = PBXGroup;
			children = (
				659577E227D255320003B40F /* String+.swift */,
				659577E927D25BB60003B40F /* Image+.swift */,
				6595781A27D2AEAA0003B40F /* Date+.swift */,
				6595784227D4EDBD0003B40F /* Animation+.swift */,
				6595784827D4FB170003B40F /* CLPlacemark+.swift */,
			);
			path = Extensions;
			sourceTree = "<group>";
		};
		659577E427D25B0E0003B40F /* Common */ = {
			isa = PBXGroup;
			children = (
				6595781527D2A8BD0003B40F /* View */,
				6595780F27D28CF20003B40F /* ViewModel */,
				659577E527D25B1A0003B40F /* ButtonStyle */,
			);
			path = Common;
			sourceTree = "<group>";
		};
		659577E527D25B1A0003B40F /* ButtonStyle */ = {
			isa = PBXGroup;
			children = (
				659577E627D25B2D0003B40F /* ScaleableLinkStyle.swift */,
				6595783827D3B8BE0003B40F /* FlatLinkStyle.swift */,
			);
			path = ButtonStyle;
			sourceTree = "<group>";
		};
		659577E827D25B7C0003B40F /* Login */ = {
			isa = PBXGroup;
			children = (
				659577F227D25E220003B40F /* Splash */,
				659577F327D25E2A0003B40F /* Login */,
			);
			path = Login;
			sourceTree = "<group>";
		};
		659577ED27D25D550003B40F /* Routers */ = {
			isa = PBXGroup;
			children = (
				659577EB27D25D4B0003B40F /* AppRouter.swift */,
			);
			path = Routers;
			sourceTree = "<group>";
		};
		659577F227D25E220003B40F /* Splash */ = {
			isa = PBXGroup;
			children = (
				659577EE27D25E150003B40F /* SplashView.swift */,
				659577F027D25E1E0003B40F /* SplashViewModel.swift */,
			);
			path = Splash;
			sourceTree = "<group>";
		};
		659577F327D25E2A0003B40F /* Login */ = {
			isa = PBXGroup;
			children = (
				6595784427D4F4A30003B40F /* LoginView.swift */,
				6595784627D4F5350003B40F /* LoginViewModel.swift */,
			);
			path = Login;
			sourceTree = "<group>";
		};
		659577F427D269800003B40F /* SportActivityListView */ = {
			isa = PBXGroup;
			children = (
				659577BF27D24EAA0003B40F /* SportActivityListView.swift */,
				659577F627D269DD0003B40F /* SportActivityListViewModel.swift */,
				6595781C27D2B4A00003B40F /* SubViews */,
			);
			path = SportActivityListView;
			sourceTree = "<group>";
		};
		659577F527D269A20003B40F /* View */ = {
			isa = PBXGroup;
			children = (
				659577E827D25B7C0003B40F /* Login */,
				659577F427D269800003B40F /* SportActivityListView */,
				659577FD27D26ED80003B40F /* CreateSportActivityView */,
			);
			path = View;
			sourceTree = "<group>";
		};
		659577FD27D26ED80003B40F /* CreateSportActivityView */ = {
			isa = PBXGroup;
			children = (
				659577FE27D26EFA0003B40F /* CreateSportActivityView.swift */,
				6595780027D26F0E0003B40F /* CreateSportActivityViewModel.swift */,
				6595783327D3B1040003B40F /* SubView */,
			);
			path = CreateSportActivityView;
			sourceTree = "<group>";
		};
		6595780527D2848B0003B40F /* Utilities */ = {
			isa = PBXGroup;
			children = (
				6595780D27D288250003B40F /* SessionStore.swift */,
				6595782427D2B75E0003B40F /* Persistence.swift */,
				6595782F27D3A76E0003B40F /* MapHelper.swift */,
				6595784027D4E5790003B40F /* UserDefaultsHelper.swift */,
			);
			path = Utilities;
			sourceTree = "<group>";
		};
		6595780827D284BA0003B40F /* Model */ = {
			isa = PBXGroup;
			children = (
				6595780627D284A10003B40F /* RemoteDataStore.swift */,
				6595782B27D2C9340003B40F /* LocalDataStore.swift */,
				6595782A27D2BB6C0003B40F /* CoreData */,
				6595780927D284E50003B40F /* SportActivity.swift */,
				6595781827D2A9A60003B40F /* ErrorWithCustomMessage.swift */,
				6595783127D3A79C0003B40F /* Place.swift */,
				6595784B27D512680003B40F /* DateDuration.swift */,
			);
			path = Model;
			sourceTree = "<group>";
		};
		6595780F27D28CF20003B40F /* ViewModel */ = {
			isa = PBXGroup;
			children = (
				6595781027D28D0F0003B40F /* CommonErrorHandlingViewModel.swift */,
			);
			path = ViewModel;
			sourceTree = "<group>";
		};
		6595781227D2A5440003B40F /* Frameworks */ = {
			isa = PBXGroup;
			children = (
			);
			name = Frameworks;
			sourceTree = "<group>";
		};
		6595781527D2A8BD0003B40F /* View */ = {
			isa = PBXGroup;
			children = (
				6595781627D2A8C90003B40F /* LoadingView.swift */,
				6595783C27D3D8990003B40F /* InteractableItemRow.swift */,
				6595783E27D3D8B50003B40F /* NonExpandableItemRow.swift */,
				6595784D27D51EE90003B40F /* SearchBar.swift */,
			);
			path = View;
			sourceTree = "<group>";
		};
		6595781C27D2B4A00003B40F /* SubViews */ = {
			isa = PBXGroup;
			children = (
				6595781D27D2B4AD0003B40F /* SportActivityItemView.swift */,
				6595781F27D2B4D20003B40F /* SportActivityItemViewModel.swift */,
			);
			path = SubViews;
			sourceTree = "<group>";
		};
		6595782A27D2BB6C0003B40F /* CoreData */ = {
			isa = PBXGroup;
			children = (
				6595782627D2BB560003B40F /* SportActivityCD+CoreDataClass.swift */,
				6595782727D2BB560003B40F /* SportActivityCD+CoreDataProperties.swift */,
			);
			path = CoreData;
			sourceTree = "<group>";
		};
		6595783327D3B1040003B40F /* SubView */ = {
			isa = PBXGroup;
			children = (
				6595783427D3B10E0003B40F /* SearchLocationView.swift */,
				6595783627D3B11B0003B40F /* SearchLocationViewModel.swift */,
			);
			path = SubView;
			sourceTree = "<group>";
		};
/* End PBXGroup section */

/* Begin PBXNativeTarget section */
		659577B927D24EAA0003B40F /* Coacha */ = {
			isa = PBXNativeTarget;
			buildConfigurationList = 659577C827D24EAB0003B40F /* Build configuration list for PBXNativeTarget "Coacha" */;
			buildPhases = (
				659577B627D24EAA0003B40F /* Sources */,
				659577B727D24EAA0003B40F /* Frameworks */,
				659577B827D24EAA0003B40F /* Resources */,
				6595784F27D523550003B40F /* Firebase Crashlytics */,
			);
			buildRules = (
			);
			dependencies = (
			);
			name = Coacha;
			packageProductDependencies = (
				659577D227D250FE0003B40F /* FirebaseAnalytics */,
				659577D427D250FE0003B40F /* FirebaseAuth */,
				659577D627D250FE0003B40F /* FirebaseCrashlytics */,
				659577D827D250FE0003B40F /* FirebaseFirestore */,
				659577DA27D250FE0003B40F /* FirebasePerformance */,
				6595781327D2A5440003B40F /* FirebaseFirestoreSwift-Beta */,
			);
			productName = Coacha;
			productReference = 659577BA27D24EAA0003B40F /* Coacha.app */;
			productType = "com.apple.product-type.application";
		};
/* End PBXNativeTarget section */

/* Begin PBXProject section */
		659577B227D24EAA0003B40F /* Project object */ = {
			isa = PBXProject;
			attributes = {
				BuildIndependentTargetsInParallel = 1;
				LastSwiftUpdateCheck = 1320;
				LastUpgradeCheck = 1320;
				TargetAttributes = {
					659577B927D24EAA0003B40F = {
						CreatedOnToolsVersion = 13.2.1;
					};
				};
			};
			buildConfigurationList = 659577B527D24EAA0003B40F /* Build configuration list for PBXProject "Coacha" */;
			compatibilityVersion = "Xcode 13.0";
			developmentRegion = en;
			hasScannedForEncodings = 0;
			knownRegions = (
				en,
				Base,
				cs,
			);
			mainGroup = 659577B127D24EAA0003B40F;
			packageReferences = (
				659577D127D250FE0003B40F /* XCRemoteSwiftPackageReference "firebase-ios-sdk" */,
			);
			productRefGroup = 659577BB27D24EAA0003B40F /* Products */;
			projectDirPath = "";
			projectRoot = "";
			targets = (
				659577B927D24EAA0003B40F /* Coacha */,
			);
		};
/* End PBXProject section */

/* Begin PBXResourcesBuildPhase section */
		659577B827D24EAA0003B40F /* Resources */ = {
			isa = PBXResourcesBuildPhase;
			buildActionMask = 2147483647;
			files = (
				659577C527D24EAB0003B40F /* Preview Assets.xcassets in Resources */,
				659577FA27D26D550003B40F /* Localizable.strings in Resources */,
				659577C227D24EAB0003B40F /* Assets.xcassets in Resources */,
				659577D027D250130003B40F /* GoogleService-Info.plist in Resources */,
			);
			runOnlyForDeploymentPostprocessing = 0;
		};
/* End PBXResourcesBuildPhase section */

/* Begin PBXShellScriptBuildPhase section */
		6595784F27D523550003B40F /* Firebase Crashlytics */ = {
			isa = PBXShellScriptBuildPhase;
			buildActionMask = 2147483647;
			files = (
			);
			inputFileListPaths = (
			);
			inputPaths = (
				"${DWARF_DSYM_FOLDER_PATH}/${DWARF_DSYM_FILE_NAME}/Contents/Resources/DWARF/${TARGET_NAME}",
				"$(SRCROOT)/$(BUILT_PRODUCTS_DIR)/$(INFOPLIST_PATH)",
			);
			name = "Firebase Crashlytics";
			outputFileListPaths = (
			);
			outputPaths = (
			);
			runOnlyForDeploymentPostprocessing = 0;
			shellPath = /bin/sh;
			shellScript = "# Type a script or drag a script file from your workspace to insert its path.\n\"${BUILD_DIR%/Build/*}/SourcePackages/checkouts/firebase-ios-sdk/Crashlytics/run\"\n";
		};
/* End PBXShellScriptBuildPhase section */

/* Begin PBXSourcesBuildPhase section */
		659577B627D24EAA0003B40F /* Sources */ = {
			isa = PBXSourcesBuildPhase;
			buildActionMask = 2147483647;
			files = (
				6595783F27D3D8B50003B40F /* NonExpandableItemRow.swift in Sources */,
				6595782827D2BB560003B40F /* SportActivityCD+CoreDataClass.swift in Sources */,
				6595783D27D3D8990003B40F /* InteractableItemRow.swift in Sources */,
				6595780127D26F0E0003B40F /* CreateSportActivityViewModel.swift in Sources */,
				6595780C27D285CD0003B40F /* Constants.swift in Sources */,
				6595784727D4F5350003B40F /* LoginViewModel.swift in Sources */,
				6595782C27D2C9340003B40F /* LocalDataStore.swift in Sources */,
				6595782327D2B74C0003B40F /* Coacha.xcdatamodeld in Sources */,
				659577F727D269DD0003B40F /* SportActivityListViewModel.swift in Sources */,
				6595783727D3B11B0003B40F /* SearchLocationViewModel.swift in Sources */,
				659577CD27D24ECE0003B40F /* CoachaAppModel.swift in Sources */,
				6595783927D3B8BE0003B40F /* FlatLinkStyle.swift in Sources */,
				6595782927D2BB560003B40F /* SportActivityCD+CoreDataProperties.swift in Sources */,
				6595781927D2A9A60003B40F /* ErrorWithCustomMessage.swift in Sources */,
				659577E727D25B2D0003B40F /* ScaleableLinkStyle.swift in Sources */,
				6595782527D2B75E0003B40F /* Persistence.swift in Sources */,
				6595782027D2B4D20003B40F /* SportActivityItemViewModel.swift in Sources */,
				6595780A27D284E50003B40F /* SportActivity.swift in Sources */,
				659577DE27D255030003B40F /* Resources.swift in Sources */,
				659577C027D24EAA0003B40F /* SportActivityListView.swift in Sources */,
				659577F127D25E1E0003B40F /* SplashViewModel.swift in Sources */,
				6595783227D3A79C0003B40F /* Place.swift in Sources */,
				659577BE27D24EAA0003B40F /* CoachaApp.swift in Sources */,
				6595781B27D2AEAA0003B40F /* Date+.swift in Sources */,
				659577EC27D25D4B0003B40F /* AppRouter.swift in Sources */,
				6595784927D4FB170003B40F /* CLPlacemark+.swift in Sources */,
				659577EA27D25BB60003B40F /* Image+.swift in Sources */,
				6595783027D3A76E0003B40F /* MapHelper.swift in Sources */,
				659577EF27D25E150003B40F /* SplashView.swift in Sources */,
				6595784327D4EDBD0003B40F /* Animation+.swift in Sources */,
				6595781727D2A8C90003B40F /* LoadingView.swift in Sources */,
				6595784127D4E5790003B40F /* UserDefaultsHelper.swift in Sources */,
				659577FF27D26EFA0003B40F /* CreateSportActivityView.swift in Sources */,
				6595780E27D288250003B40F /* SessionStore.swift in Sources */,
				659577E327D255320003B40F /* String+.swift in Sources */,
				6595780727D284A10003B40F /* RemoteDataStore.swift in Sources */,
				6595781127D28D0F0003B40F /* CommonErrorHandlingViewModel.swift in Sources */,
				6595784C27D512680003B40F /* DateDuration.swift in Sources */,
				6595783527D3B10E0003B40F /* SearchLocationView.swift in Sources */,
				6595784E27D51EE90003B40F /* SearchBar.swift in Sources */,
				6595781E27D2B4AD0003B40F /* SportActivityItemView.swift in Sources */,
				6595784527D4F4A30003B40F /* LoginView.swift in Sources */,
				659577E027D255100003B40F /* VIewModifiers.swift in Sources */,
			);
			runOnlyForDeploymentPostprocessing = 0;
		};
/* End PBXSourcesBuildPhase section */

/* Begin PBXVariantGroup section */
		659577FC27D26D550003B40F /* Localizable.strings */ = {
			isa = PBXVariantGroup;
			children = (
				659577FB27D26D550003B40F /* en */,
				6595784A27D503140003B40F /* cs */,
			);
			name = Localizable.strings;
			sourceTree = "<group>";
		};
/* End PBXVariantGroup section */

/* Begin XCBuildConfiguration section */
		659577C627D24EAB0003B40F /* Debug */ = {
			isa = XCBuildConfiguration;
			buildSettings = {
				ALWAYS_SEARCH_USER_PATHS = NO;
				CLANG_ANALYZER_LOCALIZABILITY_NONLOCALIZED = YES;
				CLANG_ANALYZER_NONNULL = YES;
				CLANG_ANALYZER_NUMBER_OBJECT_CONVERSION = YES_AGGRESSIVE;
				CLANG_CXX_LANGUAGE_STANDARD = "gnu++17";
				CLANG_CXX_LIBRARY = "libc++";
				CLANG_ENABLE_MODULES = YES;
				CLANG_ENABLE_OBJC_ARC = YES;
				CLANG_ENABLE_OBJC_WEAK = YES;
				CLANG_WARN_BLOCK_CAPTURE_AUTORELEASING = YES;
				CLANG_WARN_BOOL_CONVERSION = YES;
				CLANG_WARN_COMMA = YES;
				CLANG_WARN_CONSTANT_CONVERSION = YES;
				CLANG_WARN_DEPRECATED_OBJC_IMPLEMENTATIONS = YES;
				CLANG_WARN_DIRECT_OBJC_ISA_USAGE = YES_ERROR;
				CLANG_WARN_DOCUMENTATION_COMMENTS = YES;
				CLANG_WARN_EMPTY_BODY = YES;
				CLANG_WARN_ENUM_CONVERSION = YES;
				CLANG_WARN_INFINITE_RECURSION = YES;
				CLANG_WARN_INT_CONVERSION = YES;
				CLANG_WARN_NON_LITERAL_NULL_CONVERSION = YES;
				CLANG_WARN_OBJC_IMPLICIT_RETAIN_SELF = YES;
				CLANG_WARN_OBJC_LITERAL_CONVERSION = YES;
				CLANG_WARN_OBJC_ROOT_CLASS = YES_ERROR;
				CLANG_WARN_QUOTED_INCLUDE_IN_FRAMEWORK_HEADER = YES;
				CLANG_WARN_RANGE_LOOP_ANALYSIS = YES;
				CLANG_WARN_STRICT_PROTOTYPES = YES;
				CLANG_WARN_SUSPICIOUS_MOVE = YES;
				CLANG_WARN_UNGUARDED_AVAILABILITY = YES_AGGRESSIVE;
				CLANG_WARN_UNREACHABLE_CODE = YES;
				CLANG_WARN__DUPLICATE_METHOD_MATCH = YES;
				COPY_PHASE_STRIP = NO;
				DEBUG_INFORMATION_FORMAT = dwarf;
				ENABLE_STRICT_OBJC_MSGSEND = YES;
				ENABLE_TESTABILITY = YES;
				GCC_C_LANGUAGE_STANDARD = gnu11;
				GCC_DYNAMIC_NO_PIC = NO;
				GCC_NO_COMMON_BLOCKS = YES;
				GCC_OPTIMIZATION_LEVEL = 0;
				GCC_PREPROCESSOR_DEFINITIONS = (
					"DEBUG=1",
					"$(inherited)",
				);
				GCC_WARN_64_TO_32_BIT_CONVERSION = YES;
				GCC_WARN_ABOUT_RETURN_TYPE = YES_ERROR;
				GCC_WARN_UNDECLARED_SELECTOR = YES;
				GCC_WARN_UNINITIALIZED_AUTOS = YES_AGGRESSIVE;
				GCC_WARN_UNUSED_FUNCTION = YES;
				GCC_WARN_UNUSED_VARIABLE = YES;
				IPHONEOS_DEPLOYMENT_TARGET = 15.0;
				MTL_ENABLE_DEBUG_INFO = INCLUDE_SOURCE;
				MTL_FAST_MATH = YES;
				ONLY_ACTIVE_ARCH = YES;
				SDKROOT = iphoneos;
				SWIFT_ACTIVE_COMPILATION_CONDITIONS = DEBUG;
				SWIFT_OPTIMIZATION_LEVEL = "-Onone";
			};
			name = Debug;
		};
		659577C727D24EAB0003B40F /* Release */ = {
			isa = XCBuildConfiguration;
			buildSettings = {
				ALWAYS_SEARCH_USER_PATHS = NO;
				CLANG_ANALYZER_LOCALIZABILITY_NONLOCALIZED = YES;
				CLANG_ANALYZER_NONNULL = YES;
				CLANG_ANALYZER_NUMBER_OBJECT_CONVERSION = YES_AGGRESSIVE;
				CLANG_CXX_LANGUAGE_STANDARD = "gnu++17";
				CLANG_CXX_LIBRARY = "libc++";
				CLANG_ENABLE_MODULES = YES;
				CLANG_ENABLE_OBJC_ARC = YES;
				CLANG_ENABLE_OBJC_WEAK = YES;
				CLANG_WARN_BLOCK_CAPTURE_AUTORELEASING = YES;
				CLANG_WARN_BOOL_CONVERSION = YES;
				CLANG_WARN_COMMA = YES;
				CLANG_WARN_CONSTANT_CONVERSION = YES;
				CLANG_WARN_DEPRECATED_OBJC_IMPLEMENTATIONS = YES;
				CLANG_WARN_DIRECT_OBJC_ISA_USAGE = YES_ERROR;
				CLANG_WARN_DOCUMENTATION_COMMENTS = YES;
				CLANG_WARN_EMPTY_BODY = YES;
				CLANG_WARN_ENUM_CONVERSION = YES;
				CLANG_WARN_INFINITE_RECURSION = YES;
				CLANG_WARN_INT_CONVERSION = YES;
				CLANG_WARN_NON_LITERAL_NULL_CONVERSION = YES;
				CLANG_WARN_OBJC_IMPLICIT_RETAIN_SELF = YES;
				CLANG_WARN_OBJC_LITERAL_CONVERSION = YES;
				CLANG_WARN_OBJC_ROOT_CLASS = YES_ERROR;
				CLANG_WARN_QUOTED_INCLUDE_IN_FRAMEWORK_HEADER = YES;
				CLANG_WARN_RANGE_LOOP_ANALYSIS = YES;
				CLANG_WARN_STRICT_PROTOTYPES = YES;
				CLANG_WARN_SUSPICIOUS_MOVE = YES;
				CLANG_WARN_UNGUARDED_AVAILABILITY = YES_AGGRESSIVE;
				CLANG_WARN_UNREACHABLE_CODE = YES;
				CLANG_WARN__DUPLICATE_METHOD_MATCH = YES;
				COPY_PHASE_STRIP = NO;
				DEBUG_INFORMATION_FORMAT = "dwarf-with-dsym";
				ENABLE_NS_ASSERTIONS = NO;
				ENABLE_STRICT_OBJC_MSGSEND = YES;
				GCC_C_LANGUAGE_STANDARD = gnu11;
				GCC_NO_COMMON_BLOCKS = YES;
				GCC_WARN_64_TO_32_BIT_CONVERSION = YES;
				GCC_WARN_ABOUT_RETURN_TYPE = YES_ERROR;
				GCC_WARN_UNDECLARED_SELECTOR = YES;
				GCC_WARN_UNINITIALIZED_AUTOS = YES_AGGRESSIVE;
				GCC_WARN_UNUSED_FUNCTION = YES;
				GCC_WARN_UNUSED_VARIABLE = YES;
				IPHONEOS_DEPLOYMENT_TARGET = 15.0;
				MTL_ENABLE_DEBUG_INFO = NO;
				MTL_FAST_MATH = YES;
				SDKROOT = iphoneos;
				SWIFT_COMPILATION_MODE = wholemodule;
				SWIFT_OPTIMIZATION_LEVEL = "-O";
				VALIDATE_PRODUCT = YES;
			};
			name = Release;
		};
		659577C927D24EAB0003B40F /* Debug */ = {
			isa = XCBuildConfiguration;
			buildSettings = {
				ASSETCATALOG_COMPILER_APPICON_NAME = AppIcon;
				ASSETCATALOG_COMPILER_GLOBAL_ACCENT_COLOR_NAME = AccentColor;
				CODE_SIGN_STYLE = Automatic;
				CURRENT_PROJECT_VERSION = 2022.03.04.1;
				DEBUG_INFORMATION_FORMAT = "dwarf-with-dsym";
				DEVELOPMENT_ASSET_PATHS = "\"Coacha/Preview Content\"";
				DEVELOPMENT_TEAM = FRGC7GVJ5J;
				ENABLE_PREVIEWS = YES;
				GENERATE_INFOPLIST_FILE = YES;
				INFOPLIST_FILE = Coacha/Info.plist;
				INFOPLIST_KEY_UIApplicationSceneManifest_Generation = YES;
				INFOPLIST_KEY_UIApplicationSupportsIndirectInputEvents = YES;
				INFOPLIST_KEY_UISupportedInterfaceOrientations_iPad = "UIInterfaceOrientationPortrait UIInterfaceOrientationPortraitUpsideDown UIInterfaceOrientationLandscapeLeft UIInterfaceOrientationLandscapeRight";
				INFOPLIST_KEY_UISupportedInterfaceOrientations_iPhone = "UIInterfaceOrientationPortrait UIInterfaceOrientationLandscapeLeft UIInterfaceOrientationLandscapeRight";
				LD_RUNPATH_SEARCH_PATHS = (
					"$(inherited)",
					"@executable_path/Frameworks",
				);
				MARKETING_VERSION = 0.1.0;
				PRODUCT_BUNDLE_IDENTIFIER = dev.ansim.Coacha;
				PRODUCT_NAME = "$(TARGET_NAME)";
				SWIFT_EMIT_LOC_STRINGS = YES;
				SWIFT_VERSION = 5.0;
				TARGETED_DEVICE_FAMILY = "1,2";
			};
			name = Debug;
		};
		659577CA27D24EAB0003B40F /* Release */ = {
			isa = XCBuildConfiguration;
			buildSettings = {
				ASSETCATALOG_COMPILER_APPICON_NAME = AppIcon;
				ASSETCATALOG_COMPILER_GLOBAL_ACCENT_COLOR_NAME = AccentColor;
				CODE_SIGN_STYLE = Automatic;
				CURRENT_PROJECT_VERSION = 2022.03.04.1;
				DEVELOPMENT_ASSET_PATHS = "\"Coacha/Preview Content\"";
				DEVELOPMENT_TEAM = FRGC7GVJ5J;
				ENABLE_PREVIEWS = YES;
				GENERATE_INFOPLIST_FILE = YES;
				INFOPLIST_FILE = Coacha/Info.plist;
				INFOPLIST_KEY_UIApplicationSceneManifest_Generation = YES;
				INFOPLIST_KEY_UIApplicationSupportsIndirectInputEvents = YES;
				INFOPLIST_KEY_UISupportedInterfaceOrientations_iPad = "UIInterfaceOrientationPortrait UIInterfaceOrientationPortraitUpsideDown UIInterfaceOrientationLandscapeLeft UIInterfaceOrientationLandscapeRight";
				INFOPLIST_KEY_UISupportedInterfaceOrientations_iPhone = "UIInterfaceOrientationPortrait UIInterfaceOrientationLandscapeLeft UIInterfaceOrientationLandscapeRight";
				LD_RUNPATH_SEARCH_PATHS = (
					"$(inherited)",
					"@executable_path/Frameworks",
				);
				MARKETING_VERSION = 0.1.0;
				PRODUCT_BUNDLE_IDENTIFIER = dev.ansim.Coacha;
				PRODUCT_NAME = "$(TARGET_NAME)";
				SWIFT_EMIT_LOC_STRINGS = YES;
				SWIFT_VERSION = 5.0;
				TARGETED_DEVICE_FAMILY = "1,2";
			};
			name = Release;
		};
/* End XCBuildConfiguration section */

/* Begin XCConfigurationList section */
		659577B527D24EAA0003B40F /* Build configuration list for PBXProject "Coacha" */ = {
			isa = XCConfigurationList;
			buildConfigurations = (
				659577C627D24EAB0003B40F /* Debug */,
				659577C727D24EAB0003B40F /* Release */,
			);
			defaultConfigurationIsVisible = 0;
			defaultConfigurationName = Release;
		};
		659577C827D24EAB0003B40F /* Build configuration list for PBXNativeTarget "Coacha" */ = {
			isa = XCConfigurationList;
			buildConfigurations = (
				659577C927D24EAB0003B40F /* Debug */,
				659577CA27D24EAB0003B40F /* Release */,
			);
			defaultConfigurationIsVisible = 0;
			defaultConfigurationName = Release;
		};
/* End XCConfigurationList section */

/* Begin XCRemoteSwiftPackageReference section */
		659577D127D250FE0003B40F /* XCRemoteSwiftPackageReference "firebase-ios-sdk" */ = {
			isa = XCRemoteSwiftPackageReference;
			repositoryURL = "https://github.com/firebase/firebase-ios-sdk.git";
			requirement = {
				kind = upToNextMajorVersion;
				minimumVersion = 8.0.0;
			};
		};
/* End XCRemoteSwiftPackageReference section */

/* Begin XCSwiftPackageProductDependency section */
		659577D227D250FE0003B40F /* FirebaseAnalytics */ = {
			isa = XCSwiftPackageProductDependency;
			package = 659577D127D250FE0003B40F /* XCRemoteSwiftPackageReference "firebase-ios-sdk" */;
			productName = FirebaseAnalytics;
		};
		659577D427D250FE0003B40F /* FirebaseAuth */ = {
			isa = XCSwiftPackageProductDependency;
			package = 659577D127D250FE0003B40F /* XCRemoteSwiftPackageReference "firebase-ios-sdk" */;
			productName = FirebaseAuth;
		};
		659577D627D250FE0003B40F /* FirebaseCrashlytics */ = {
			isa = XCSwiftPackageProductDependency;
			package = 659577D127D250FE0003B40F /* XCRemoteSwiftPackageReference "firebase-ios-sdk" */;
			productName = FirebaseCrashlytics;
		};
		659577D827D250FE0003B40F /* FirebaseFirestore */ = {
			isa = XCSwiftPackageProductDependency;
			package = 659577D127D250FE0003B40F /* XCRemoteSwiftPackageReference "firebase-ios-sdk" */;
			productName = FirebaseFirestore;
		};
		659577DA27D250FE0003B40F /* FirebasePerformance */ = {
			isa = XCSwiftPackageProductDependency;
			package = 659577D127D250FE0003B40F /* XCRemoteSwiftPackageReference "firebase-ios-sdk" */;
			productName = FirebasePerformance;
		};
		6595781327D2A5440003B40F /* FirebaseFirestoreSwift-Beta */ = {
			isa = XCSwiftPackageProductDependency;
			package = 659577D127D250FE0003B40F /* XCRemoteSwiftPackageReference "firebase-ios-sdk" */;
			productName = "FirebaseFirestoreSwift-Beta";
		};
/* End XCSwiftPackageProductDependency section */

/* Begin XCVersionGroup section */
		6595782127D2B74C0003B40F /* Coacha.xcdatamodeld */ = {
			isa = XCVersionGroup;
			children = (
				6595782227D2B74C0003B40F /* SportActivity.xcdatamodel */,
			);
			currentVersion = 6595782227D2B74C0003B40F /* SportActivity.xcdatamodel */;
			path = Coacha.xcdatamodeld;
			sourceTree = "<group>";
			versionGroupType = wrapper.xcdatamodel;
		};
/* End XCVersionGroup section */
	};
	rootObject = 659577B227D24EAA0003B40F /* Project object */;
}
